// !$*UTF8*$!
{
	archiveVersion = 1;
	classes = {
	};
	objectVersion = 77;
	objects = {

/* Begin PBXContainerItemProxy section */
		5AF21EE72FBC02D900EF6B61 /* PBXContainerItemProxy */ = {
			isa = PBXContainerItemProxy;
			containerPortal = 5AF21ED12FBC02D600EF6B61 /* Project object */;
			proxyType = 1;
			remoteGlobalIDString = 5AF21ED82FBC02D700EF6B61;
			remoteInfo = BiteBeatAdmin;
		};
		5AF21EF12FBC02D900EF6B61 /* PBXContainerItemProxy */ = {
			isa = PBXContainerItemProxy;
			containerPortal = 5AF21ED12FBC02D600EF6B61 /* Project object */;
			proxyType = 1;
			remoteGlobalIDString = 5AF21ED82FBC02D700EF6B61;
			remoteInfo = BiteBeatAdmin;
		};
/* End PBXContainerItemProxy section */

/* Begin PBXFileReference section */
		5AF21ED92FBC02D700EF6B61 /* BiteBeatAdmin.app */ = {isa = PBXFileReference; explicitFileType = wrapper.application; includeInIndex = 0; path = BiteBeatAdmin.app; sourceTree = BUILT_PRODUCTS_DIR; };
		5AF21EE62FBC02D900EF6B61 /* BiteBeatAdminTests.xctest */ = {isa = PBXFileReference; explicitFileType = wrapper.cfbundle; includeInIndex = 0; path = BiteBeatAdminTests.xctest; sourceTree = BUILT_PRODUCTS_DIR; };
		5AF21EF02FBC02D900EF6B61 /* BiteBeatAdminUITests.xctest */ = {isa = PBXFileReference; explicitFileType = wrapper.cfbundle; includeInIndex = 0; path = BiteBeatAdminUITests.xctest; sourceTree = BUILT_PRODUCTS_DIR; };
/* End PBXFileReference section */

/* Begin PBXFileSystemSynchronizedRootGroup section */
		5AF21EDB2FBC02D700EF6B61 /* BiteBeatAdmin */ = {
			isa = PBXFileSystemSynchronizedRootGroup;
			path = BiteBeatAdmin;
			sourceTree = "<group>";
		};
		5AF21EE92FBC02D900EF6B61 /* BiteBeatAdminTests */ = {
			isa = PBXFileSystemSynchronizedRootGroup;
			path = BiteBeatAdminTests;
			sourceTree = "<group>";
		};
		5AF21EF32FBC02D900EF6B61 /* BiteBeatAdminUITests */ = {
			isa = PBXFileSystemSynchronizedRootGroup;
			path = BiteBeatAdminUITests;
			sourceTree = "<group>";
		};
/* End PBXFileSystemSynchronizedRootGroup section */

/* Begin PBXFrameworksBuildPhase section */
		5AF21ED62FBC02D700EF6B61 /* Frameworks */ = {
			isa = PBXFrameworksBuildPhase;
			buildActionMask = 2147483647;
			files = (
			);
			runOnlyForDeploymentPostprocessing = 0;
		};
		5AF21EE32FBC02D900EF6B61 /* Frameworks */ = {
			isa = PBXFrameworksBuildPhase;
			buildActionMask = 2147483647;
			files = (
			);
			runOnlyForDeploymentPostprocessing = 0;
		};
		5AF21EED2FBC02D900EF6B61 /* Frameworks */ = {
			isa = PBXFrameworksBuildPhase;
			buildActionMask = 2147483647;
			files = (
			);
			runOnlyForDeploymentPostprocessing = 0;
		};
/* End PBXFrameworksBuildPhase section */

/* Begin PBXGroup section */
		5AF21ED02FBC02D600EF6B61 = {
			isa = PBXGroup;
			children = (
				5AF21EDB2FBC02D700EF6B61 /* BiteBeatAdmin */,
				5AF21EE92FBC02D900EF6B61 /* BiteBeatAdminTests */,
				5AF21EF32FBC02D900EF6B61 /* BiteBeatAdminUITests */,
				5AF21EDA2FBC02D700EF6B61 /* Products */,
			);
			sourceTree = "<group>";
		};
		5AF21EDA2FBC02D700EF6B61 /* Products */ = {
			isa = PBXGroup;
			children = (
				5AF21ED92FBC02D700EF6B61 /* BiteBeatAdmin.app */,
				5AF21EE62FBC02D900EF6B61 /* BiteBeatAdminTests.xctest */,
				5AF21EF02FBC02D900EF6B61 /* BiteBeatAdminUITests.xctest */,
			);
			name = Products;
			sourceTree = "<group>";
		};
/* End PBXGroup section */

/* Begin PBXNativeTarget section */
		5AF21ED82FBC02D700EF6B61 /* BiteBeatAdmin */ = {
			isa = PBXNativeTarget;
			buildConfigurationList = 5AF21EFA2FBC02D900EF6B61 /* Build configuration list for PBXNativeTarget "BiteBeatAdmin" */;
			buildPhases = (
				5AF21ED52FBC02D700EF6B61 /* Sources */,
				5AF21ED62FBC02D700EF6B61 /* Frameworks */,
				5AF21ED72FBC02D700EF6B61 /* Resources */,
			);
			buildRules = (
			);
			dependencies = (
			);
			fileSystemSynchronizedGroups = (
				5AF21EDB2FBC02D700EF6B61 /* BiteBeatAdmin */,
			);
			name = BiteBeatAdmin;
			packageProductDependencies = (
			);
			productName = BiteBeatAdmin;
			productReference = 5AF21ED92FBC02D700EF6B61 /* BiteBeatAdmin.app */;
			productType = "com.apple.product-type.application";
		};
		5AF21EE52FBC02D900EF6B61 /* BiteBeatAdminTests */ = {
			isa = PBXNativeTarget;
			buildConfigurationList = 5AF21EFD2FBC02D900EF6B61 /* Build configuration list for PBXNativeTarget "BiteBeatAdminTests" */;
			buildPhases = (
				5AF21EE22FBC02D900EF6B61 /* Sources */,
				5AF21EE32FBC02D900EF6B61 /* Frameworks */,
				5AF21EE42FBC02D900EF6B61 /* Resources */,
			);
			buildRules = (
			);
			dependencies = (
				5AF21EE82FBC02D900EF6B61 /* PBXTargetDependency */,
			);
			fileSystemSynchronizedGroups = (
				5AF21EE92FBC02D900EF6B61 /* BiteBeatAdminTests */,
			);
			name = BiteBeatAdminTests;
			packageProductDependencies = (
			);
			productName = BiteBeatAdminTests;
			productReference = 5AF21EE62FBC02D900EF6B61 /* BiteBeatAdminTests.xctest */;
			productType = "com.apple.product-type.bundle.unit-test";
		};
		5AF21EEF2FBC02D900EF6B61 /* BiteBeatAdminUITests */ = {
			isa = PBXNativeTarget;
			buildConfigurationList = 5AF21F002FBC02D900EF6B61 /* Build configuration list for PBXNativeTarget "BiteBeatAdminUITests" */;
			buildPhases = (
				5AF21EEC2FBC02D900EF6B61 /* Sources */,
				5AF21EED2FBC02D900EF6B61 /* Frameworks */,
				5AF21EEE2FBC02D900EF6B61 /* Resources */,
			);
			buildRules = (
			);
			dependencies = (
				5AF21EF22FBC02D900EF6B61 /* PBXTargetDependency */,
			);
			fileSystemSynchronizedGroups = (
				5AF21EF32FBC02D900EF6B61 /* BiteBeatAdminUITests */,
			);
			name = BiteBeatAdminUITests;
			packageProductDependencies = (
			);
			productName = BiteBeatAdminUITests;
			productReference = 5AF21EF02FBC02D900EF6B61 /* BiteBeatAdminUITests.xctest */;
			productType = "com.apple.product-type.bundle.ui-testing";
		};
/* End PBXNativeTarget section */

/* Begin PBXProject section */
		5AF21ED12FBC02D600EF6B61 /* Project object */ = {
			isa = PBXProject;
			attributes = {
				BuildIndependentTargetsInParallel = 1;
				LastSwiftUpdateCheck = 2650;
				LastUpgradeCheck = 2650;
				TargetAttributes = {
					5AF21ED82FBC02D700EF6B61 = {
						CreatedOnToolsVersion = 26.5;
					};
					5AF21EE52FBC02D900EF6B61 = {
						CreatedOnToolsVersion = 26.5;
						TestTargetID = 5AF21ED82FBC02D700EF6B61;
					};
					5AF21EEF2FBC02D900EF6B61 = {
						CreatedOnToolsVersion = 26.5;
						TestTargetID = 5AF21ED82FBC02D700EF6B61;
					};
				};
			};
			buildConfigurationList = 5AF21ED42FBC02D600EF6B61 /* Build configuration list for PBXProject "BiteBeatAdmin" */;
			developmentRegion = en;
			hasScannedForEncodings = 0;
			knownRegions = (
				en,
				Base,
			);
			mainGroup = 5AF21ED02FBC02D600EF6B61;
			minimizedProjectReferenceProxies = 1;
			preferredProjectObjectVersion = 77;
			productRefGroup = 5AF21EDA2FBC02D700EF6B61 /* Products */;
			projectDirPath = "";
			projectRoot = "";
			targets = (
				5AF21ED82FBC02D700EF6B61 /* BiteBeatAdmin */,
				5AF21EE52FBC02D900EF6B61 /* BiteBeatAdminTests */,
				5AF21EEF2FBC02D900EF6B61 /* BiteBeatAdminUITests */,
			);
		};
/* End PBXProject section */

/* Begin PBXResourcesBuildPhase section */
		5AF21ED72FBC02D700EF6B61 /* Resources */ = {
			isa = PBXResourcesBuildPhase;
			buildActionMask = 2147483647;
			files = (
			);
			runOnlyForDeploymentPostprocessing = 0;
		};
		5AF21EE42FBC02D900EF6B61 /* Resources */ = {
			isa = PBXResourcesBuildPhase;
			buildActionMask = 2147483647;
			files = (
			);
			runOnlyForDeploymentPostprocessing = 0;
		};
		5AF21EEE2FBC02D900EF6B61 /* Resources */ = {
			isa = PBXResourcesBuildPhase;
			buildActionMask = 2147483647;
			files = (
			);
			runOnlyForDeploymentPostprocessing = 0;
		};
/* End PBXResourcesBuildPhase section */

/* Begin PBXSourcesBuildPhase section */
		5AF21ED52FBC02D700EF6B61 /* Sources */ = {
			isa = PBXSourcesBuildPhase;
			buildActionMask = 2147483647;
			files = (
			);
			runOnlyForDeploymentPostprocessing = 0;
		};
		5AF21EE22FBC02D900EF6B61 /* Sources */ = {
			isa = PBXSourcesBuildPhase;
			buildActionMask = 2147483647;
			files = (
			);
			runOnlyForDeploymentPostprocessing = 0;
		};
		5AF21EEC2FBC02D900EF6B61 /* Sources */ = {
			isa = PBXSourcesBuildPhase;
			buildActionMask = 2147483647;
			files = (
			);
			runOnlyForDeploymentPostprocessing = 0;
		};
/* End PBXSourcesBuildPhase section */

/* Begin PBXTargetDependency section */
		5AF21EE82FBC02D900EF6B61 /* PBXTargetDependency */ = {
			isa = PBXTargetDependency;
			target = 5AF21ED82FBC02D700EF6B61 /* BiteBeatAdmin */;
			targetProxy = 5AF21EE72FBC02D900EF6B61 /* PBXContainerItemProxy */;
		};
		5AF21EF22FBC02D900EF6B61 /* PBXTargetDependency */ = {
			isa = PBXTargetDependency;
			target = 5AF21ED82FBC02D700EF6B61 /* BiteBeatAdmin */;
			targetProxy = 5AF21EF12FBC02D900EF6B61 /* PBXContainerItemProxy */;
		};
/* End PBXTargetDependency section */

/* Begin XCBuildConfiguration section */
		5AF21EF82FBC02D900EF6B61 /* Debug */ = {
			isa = XCBuildConfiguration;
			buildSettings = {
				ALWAYS_SEARCH_USER_PATHS = NO;
				ASSETCATALOG_COMPILER_GENERATE_SWIFT_ASSET_SYMBOL_EXTENSIONS = YES;
				CLANG_ANALYZER_NONNULL = YES;
				CLANG_ANALYZER_NUMBER_OBJECT_CONVERSION = YES_AGGRESSIVE;
				CLANG_CXX_LANGUAGE_STANDARD = "gnu++20";
				CLANG_ENABLE_MODULES = YES;
				CLANG_ENABLE_OBJC_ARC = YES;
				CLANG_ENABLE_OBJC_WEAK = YES;
				CLANG_WARN_BLOCK_CAPTURE_AUTORELEASING = YES;
				CLANG_WARN_BOOL_CONVERSION = YES;
				CLANG_WARN_COMMA = YES;
				CLANG_WARN_CONSTANT_CONVERSION = YES;
				CLANG_WARN_DEPRECATED_OBJC_IMPLEMENTATIONS = YES;
				CLANG_WARN_DIRECT_OBJC_ISA_USAGE = YES_ERROR;
				CLANG_WARN_DOCUMENTATION_COMMENTS = YES;
				CLANG_WARN_EMPTY_BODY = YES;
				CLANG_WARN_ENUM_CONVERSION = YES;
				CLANG_WARN_INFINITE_RECURSION = YES;
				CLANG_WARN_INT_CONVERSION = YES;
				CLANG_WARN_NON_LITERAL_NULL_CONVERSION = YES;
				CLANG_WARN_OBJC_IMPLICIT_RETAIN_SELF = YES;
				CLANG_WARN_OBJC_LITERAL_CONVERSION = YES;
				CLANG_WARN_OBJC_ROOT_CLASS = YES_ERROR;
				CLANG_WARN_QUOTED_INCLUDE_IN_FRAMEWORK_HEADER = YES;
				CLANG_WARN_RANGE_LOOP_ANALYSIS = YES;
				CLANG_WARN_STRICT_PROTOTYPES = YES;
				CLANG_WARN_SUSPICIOUS_MOVE = YES;
				CLANG_WARN_UNGUARDED_AVAILABILITY = YES_AGGRESSIVE;
				CLANG_WARN_UNREACHABLE_CODE = YES;
				CLANG_WARN__DUPLICATE_METHOD_MATCH = YES;
				COPY_PHASE_STRIP = NO;
				DEBUG_INFORMATION_FORMAT = dwarf;
				DEVELOPMENT_TEAM = WP99VBV7FN;
				ENABLE_STRICT_OBJC_MSGSEND = YES;
				ENABLE_TESTABILITY = YES;
				ENABLE_USER_SCRIPT_SANDBOXING = YES;
				GCC_C_LANGUAGE_STANDARD = gnu17;
				GCC_DYNAMIC_NO_PIC = NO;
				GCC_NO_COMMON_BLOCKS = YES;
				GCC_OPTIMIZATION_LEVEL = 0;
				GCC_PREPROCESSOR_DEFINITIONS = (
					"DEBUG=1",
					"$(inherited)",
				);
				GCC_WARN_64_TO_32_BIT_CONVERSION = YES;
				GCC_WARN_ABOUT_RETURN_TYPE = YES_ERROR;
				GCC_WARN_UNDECLARED_SELECTOR = YES;
				GCC_WARN_UNINITIALIZED_AUTOS = YES_AGGRESSIVE;
				GCC_WARN_UNUSED_FUNCTION = YES;
				GCC_WARN_UNUSED_VARIABLE = YES;
				IPHONEOS_DEPLOYMENT_TARGET = 26.5;
				LOCALIZATION_PREFERS_STRING_CATALOGS = YES;
				MTL_ENABLE_DEBUG_INFO = INCLUDE_SOURCE;
				MTL_FAST_MATH = YES;
				ONLY_ACTIVE_ARCH = YES;
				SDKROOT = iphoneos;
				SWIFT_ACTIVE_COMPILATION_CONDITIONS = "DEBUG $(inherited)";
				SWIFT_OPTIMIZATION_LEVEL = "-Onone";
			};
			name = Debug;
		};
		5AF21EF92FBC02D900EF6B61 /* Release */ = {
			isa = XCBuildConfiguration;
			buildSettings = {
				ALWAYS_SEARCH_USER_PATHS = NO;
				ASSETCATALOG_COMPILER_GENERATE_SWIFT_ASSET_SYMBOL_EXTENSIONS = YES;
				CLANG_ANALYZER_NONNULL = YES;
				CLANG_ANALYZER_NUMBER_OBJECT_CONVERSION = YES_AGGRESSIVE;
				CLANG_CXX_LANGUAGE_STANDARD = "gnu++20";
				CLANG_ENABLE_MODULES = YES;
				CLANG_ENABLE_OBJC_ARC = YES;
				CLANG_ENABLE_OBJC_WEAK = YES;
				CLANG_WARN_BLOCK_CAPTURE_AUTORELEASING = YES;
				CLANG_WARN_BOOL_CONVERSION = YES;
				CLANG_WARN_COMMA = YES;
				CLANG_WARN_CONSTANT_CONVERSION = YES;
				CLANG_WARN_DEPRECATED_OBJC_IMPLEMENTATIONS = YES;
				CLANG_WARN_DIRECT_OBJC_ISA_USAGE = YES_ERROR;
				CLANG_WARN_DOCUMENTATION_COMMENTS = YES;
				CLANG_WARN_EMPTY_BODY = YES;
				CLANG_WARN_ENUM_CONVERSION = YES;
				CLANG_WARN_INFINITE_RECURSION = YES;
				CLANG_WARN_INT_CONVERSION = YES;
				CLANG_WARN_NON_LITERAL_NULL_CONVERSION = YES;
				CLANG_WARN_OBJC_IMPLICIT_RETAIN_SELF = YES;
				CLANG_WARN_OBJC_LITERAL_CONVERSION = YES;
				CLANG_WARN_OBJC_ROOT_CLASS = YES_ERROR;
				CLANG_WARN_QUOTED_INCLUDE_IN_FRAMEWORK_HEADER = YES;
				CLANG_WARN_RANGE_LOOP_ANALYSIS = YES;
				CLANG_WARN_STRICT_PROTOTYPES = YES;
				CLANG_WARN_SUSPICIOUS_MOVE = YES;
				CLANG_WARN_UNGUARDED_AVAILABILITY = YES_AGGRESSIVE;
				CLANG_WARN_UNREACHABLE_CODE = YES;
				CLANG_WARN__DUPLICATE_METHOD_MATCH = YES;
				COPY_PHASE_STRIP = NO;
				DEBUG_INFORMATION_FORMAT = "dwarf-with-dsym";
				DEVELOPMENT_TEAM = WP99VBV7FN;
				ENABLE_NS_ASSERTIONS = NO;
				ENABLE_STRICT_OBJC_MSGSEND = YES;
				ENABLE_USER_SCRIPT_SANDBOXING = YES;
				GCC_C_LANGUAGE_STANDARD = gnu17;
				GCC_NO_COMMON_BLOCKS = YES;
				GCC_WARN_64_TO_32_BIT_CONVERSION = YES;
				GCC_WARN_ABOUT_RETURN_TYPE = YES_ERROR;
				GCC_WARN_UNDECLARED_SELECTOR = YES;
				GCC_WARN_UNINITIALIZED_AUTOS = YES_AGGRESSIVE;
				GCC_WARN_UNUSED_FUNCTION = YES;
				GCC_WARN_UNUSED_VARIABLE = YES;
				IPHONEOS_DEPLOYMENT_TARGET = 26.5;
				LOCALIZATION_PREFERS_STRING_CATALOGS = YES;
				MTL_ENABLE_DEBUG_INFO = NO;
				MTL_FAST_MATH = YES;
				SDKROOT = iphoneos;
				SWIFT_COMPILATION_MODE = wholemodule;
				VALIDATE_PRODUCT = YES;
			};
			name = Release;
		};
		5AF21EFB2FBC02D900EF6B61 /* Debug */ = {
			isa = XCBuildConfiguration;
			buildSettings = {
				ASSETCATALOG_COMPILER_APPICON_NAME = AppIcon;
				ASSETCATALOG_COMPILER_GLOBAL_ACCENT_COLOR_NAME = AccentColor;
				CODE_SIGN_STYLE = Automatic;
				CURRENT_PROJECT_VERSION = 1;
				DEVELOPMENT_TEAM = WP99VBV7FN;
				ENABLE_PREVIEWS = YES;
				GENERATE_INFOPLIST_FILE = YES;
				INFOPLIST_KEY_UIApplicationSceneManifest_Generation = YES;
				INFOPLIST_KEY_UIApplicationSupportsIndirectInputEvents = YES;
				INFOPLIST_KEY_UILaunchScreen_Generation = YES;
				INFOPLIST_KEY_UISupportedInterfaceOrientations_iPad = "UIInterfaceOrientationPortrait UIInterfaceOrientationPortraitUpsideDown UIInterfaceOrientationLandscapeLeft UIInterfaceOrientationLandscapeRight";
				INFOPLIST_KEY_UISupportedInterfaceOrientations_iPhone = "UIInterfaceOrientationPortrait UIInterfaceOrientationLandscapeLeft UIInterfaceOrientationLandscapeRight";
				LD_RUNPATH_SEARCH_PATHS = (
					"$(inherited)",
					"@executable_path/Frameworks",
				);
				MARKETING_VERSION = 1.0;
				PRODUCT_BUNDLE_IDENTIFIER = com.pucakgunung.BiteBeatAdmin;
				PRODUCT_NAME = "$(TARGET_NAME)";
				STRING_CATALOG_GENERATE_SYMBOLS = YES;
				SWIFT_APPROACHABLE_CONCURRENCY = YES;
				SWIFT_DEFAULT_ACTOR_ISOLATION = MainActor;
				SWIFT_EMIT_LOC_STRINGS = YES;
				SWIFT_UPCOMING_FEATURE_MEMBER_IMPORT_VISIBILITY = YES;
				SWIFT_VERSION = 5.0;
				TARGETED_DEVICE_FAMILY = "1,2";
			};
			name = Debug;
		};
		5AF21EFC2FBC02D900EF6B61 /* Release */ = {
			isa = XCBuildConfiguration;
			buildSettings = {
				ASSETCATALOG_COMPILER_APPICON_NAME = AppIcon;
				ASSETCATALOG_COMPILER_GLOBAL_ACCENT_COLOR_NAME = AccentColor;
				CODE_SIGN_STYLE = Automatic;
				CURRENT_PROJECT_VERSION = 1;
				DEVELOPMENT_TEAM = WP99VBV7FN;
				ENABLE_PREVIEWS = YES;
				GENERATE_INFOPLIST_FILE = YES;
				INFOPLIST_KEY_UIApplicationSceneManifest_Generation = YES;
				INFOPLIST_KEY_UIApplicationSupportsIndirectInputEvents = YES;
				INFOPLIST_KEY_UILaunchScreen_Generation = YES;
				INFOPLIST_KEY_UISupportedInterfaceOrientations_iPad = "UIInterfaceOrientationPortrait UIInterfaceOrientationPortraitUpsideDown UIInterfaceOrientationLandscapeLeft UIInterfaceOrientationLandscapeRight";
				INFOPLIST_KEY_UISupportedInterfaceOrientations_iPhone = "UIInterfaceOrientationPortrait UIInterfaceOrientationLandscapeLeft UIInterfaceOrientationLandscapeRight";
				LD_RUNPATH_SEARCH_PATHS = (
					"$(inherited)",
					"@executable_path/Frameworks",
				);
				MARKETING_VERSION = 1.0;
				PRODUCT_BUNDLE_IDENTIFIER = com.pucakgunung.BiteBeatAdmin;
				PRODUCT_NAME = "$(TARGET_NAME)";
				STRING_CATALOG_GENERATE_SYMBOLS = YES;
				SWIFT_APPROACHABLE_CONCURRENCY = YES;
				SWIFT_DEFAULT_ACTOR_ISOLATION = MainActor;
				SWIFT_EMIT_LOC_STRINGS = YES;
				SWIFT_UPCOMING_FEATURE_MEMBER_IMPORT_VISIBILITY = YES;
				SWIFT_VERSION = 5.0;
				TARGETED_DEVICE_FAMILY = "1,2";
			};
			name = Release;
		};
		5AF21EFE2FBC02D900EF6B61 /* Debug */ = {
			isa = XCBuildConfiguration;
			buildSettings = {
				BUNDLE_LOADER = "$(TEST_HOST)";
				CODE_SIGN_STYLE = Automatic;
				CURRENT_PROJECT_VERSION = 1;
				DEVELOPMENT_TEAM = WP99VBV7FN;
				GENERATE_INFOPLIST_FILE = YES;
				IPHONEOS_DEPLOYMENT_TARGET = 26.5;
				MARKETING_VERSION = 1.0;
				PRODUCT_BUNDLE_IDENTIFIER = com.pucakgunung.BiteBeatAdminTests;
				PRODUCT_NAME = "$(TARGET_NAME)";
				STRING_CATALOG_GENERATE_SYMBOLS = NO;
				SWIFT_APPROACHABLE_CONCURRENCY = YES;
				SWIFT_EMIT_LOC_STRINGS = NO;
				SWIFT_UPCOMING_FEATURE_MEMBER_IMPORT_VISIBILITY = YES;
				SWIFT_VERSION = 5.0;
				TARGETED_DEVICE_FAMILY = "1,2";
				TEST_HOST = "$(BUILT_PRODUCTS_DIR)/BiteBeatAdmin.app/$(BUNDLE_EXECUTABLE_FOLDER_PATH)/BiteBeatAdmin";
			};
			name = Debug;
		};
		5AF21EFF2FBC02D900EF6B61 /* Release */ = {
			isa = XCBuildConfiguration;
			buildSettings = {
				BUNDLE_LOADER = "$(TEST_HOST)";
				CODE_SIGN_STYLE = Automatic;
				CURRENT_PROJECT_VERSION = 1;
				DEVELOPMENT_TEAM = WP99VBV7FN;
				GENERATE_INFOPLIST_FILE = YES;
				IPHONEOS_DEPLOYMENT_TARGET = 26.5;
				MARKETING_VERSION = 1.0;
				PRODUCT_BUNDLE_IDENTIFIER = com.pucakgunung.BiteBeatAdminTests;
				PRODUCT_NAME = "$(TARGET_NAME)";
				STRING_CATALOG_GENERATE_SYMBOLS = NO;
				SWIFT_APPROACHABLE_CONCURRENCY = YES;
				SWIFT_EMIT_LOC_STRINGS = NO;
				SWIFT_UPCOMING_FEATURE_MEMBER_IMPORT_VISIBILITY = YES;
				SWIFT_VERSION = 5.0;
				TARGETED_DEVICE_FAMILY = "1,2";
				TEST_HOST = "$(BUILT_PRODUCTS_DIR)/BiteBeatAdmin.app/$(BUNDLE_EXECUTABLE_FOLDER_PATH)/BiteBeatAdmin";
			};
			name = Release;
		};
		5AF21F012FBC02D900EF6B61 /* Debug */ = {
			isa = XCBuildConfiguration;
			buildSettings = {
				CODE_SIGN_STYLE = Automatic;
				CURRENT_PROJECT_VERSION = 1;
				DEVELOPMENT_TEAM = WP99VBV7FN;
				GENERATE_INFOPLIST_FILE = YES;
				MARKETING_VERSION = 1.0;
				PRODUCT_BUNDLE_IDENTIFIER = com.pucakgunung.BiteBeatAdminUITests;
				PRODUCT_NAME = "$(TARGET_NAME)";
				STRING_CATALOG_GENERATE_SYMBOLS = NO;
				SWIFT_APPROACHABLE_CONCURRENCY = YES;
				SWIFT_EMIT_LOC_STRINGS = NO;
				SWIFT_UPCOMING_FEATURE_MEMBER_IMPORT_VISIBILITY = YES;
				SWIFT_VERSION = 5.0;
				TARGETED_DEVICE_FAMILY = "1,2";
				TEST_TARGET_NAME = BiteBeatAdmin;
			};
			name = Debug;
		};
		5AF21F022FBC02D900EF6B61 /* Release */ = {
			isa = XCBuildConfiguration;
			buildSettings = {
				CODE_SIGN_STYLE = Automatic;
				CURRENT_PROJECT_VERSION = 1;
				DEVELOPMENT_TEAM = WP99VBV7FN;
				GENERATE_INFOPLIST_FILE = YES;
				MARKETING_VERSION = 1.0;
				PRODUCT_BUNDLE_IDENTIFIER = com.pucakgunung.BiteBeatAdminUITests;
				PRODUCT_NAME = "$(TARGET_NAME)";
				STRING_CATALOG_GENERATE_SYMBOLS = NO;
				SWIFT_APPROACHABLE_CONCURRENCY = YES;
				SWIFT_EMIT_LOC_STRINGS = NO;
				SWIFT_UPCOMING_FEATURE_MEMBER_IMPORT_VISIBILITY = YES;
				SWIFT_VERSION = 5.0;
				TARGETED_DEVICE_FAMILY = "1,2";
				TEST_TARGET_NAME = BiteBeatAdmin;
			};
			name = Release;
		};
/* End XCBuildConfiguration section */

/* Begin XCConfigurationList section */
		5AF21ED42FBC02D600EF6B61 /* Build configuration list for PBXProject "BiteBeatAdmin" */ = {
			isa = XCConfigurationList;
			buildConfigurations = (
				5AF21EF82FBC02D900EF6B61 /* Debug */,
				5AF21EF92FBC02D900EF6B61 /* Release */,
			);
			defaultConfigurationIsVisible = 0;
			defaultConfigurationName = Release;
		};
		5AF21EFA2FBC02D900EF6B61 /* Build configuration list for PBXNativeTarget "BiteBeatAdmin" */ = {
			isa = XCConfigurationList;
			buildConfigurations = (
				5AF21EFB2FBC02D900EF6B61 /* Debug */,
				5AF21EFC2FBC02D900EF6B61 /* Release */,
			);
			defaultConfigurationIsVisible = 0;
			defaultConfigurationName = Release;
		};
		5AF21EFD2FBC02D900EF6B61 /* Build configuration list for PBXNativeTarget "BiteBeatAdminTests" */ = {
			isa = XCConfigurationList;
			buildConfigurations = (
				5AF21EFE2FBC02D900EF6B61 /* Debug */,
				5AF21EFF2FBC02D900EF6B61 /* Release */,
			);
			defaultConfigurationIsVisible = 0;
			defaultConfigurationName = Release;
		};
		5AF21F002FBC02D900EF6B61 /* Build configuration list for PBXNativeTarget "BiteBeatAdminUITests" */ = {
			isa = XCConfigurationList;
			buildConfigurations = (
				5AF21F012FBC02D900EF6B61 /* Debug */,
				5AF21F022FBC02D900EF6B61 /* Release */,
			);
			defaultConfigurationIsVisible = 0;
			defaultConfigurationName = Release;
		};
/* End XCConfigurationList section */
	};
	rootObject = 5AF21ED12FBC02D600EF6B61 /* Project object */;
}
